
Microsoft Visual Studio Solution File, Format Version 11.00
# Visual Studio 2010
Project("{FAE04EC0-301F-11D3-BF4B-00C04F79EFBC}") = "Assembly-CSharp", "Assembly-CSharp.csproj", "{8259870F-C76E-D913-3C5B-85015CE38A48}"
EndProject
Project("{FAE04EC0-301F-11D3-BF4B-00C04F79EFBC}") = "PhotonUnityNetworking.Demos", "PhotonUnityNetworking.Demos.csproj", "{9729E9EA-7EFF-D2AF-2C14-906CE8510FDD}"
EndProject
Project("{FAE04EC0-301F-11D3-BF4B-00C04F79EFBC}") = "PhotonUnityNetworking.Utilities", "PhotonUnityNetworking.Utilities.csproj", "{4EC6611C-FAF7-9478-061B-EFAA2D3B7661}"
EndProject
Project("{FAE04EC0-301F-11D3-BF4B-00C04F79EFBC}") = "PhotonChat", "PhotonChat.csproj", "{824F70E4-AC90-2369-784A-8EFAEA5DB7EC}"
EndProject
Project("{FAE04EC0-301F-11D3-BF4B-00C04F79EFBC}") = "PhotonUnityNetworking", "PhotonUnityNetworking.csproj", "{8F7526A3-2C9B-8EA3-4033-69435311D8F4}"
EndProject
Project("{FAE04EC0-301F-11D3-BF4B-00C04F79EFBC}") = "PhotonRealtime", "PhotonRealtime.csproj", "{92323A8D-F4CF-4AB8-9D66-C3779CD5ADE6}"
EndProject
Project("{FAE04EC0-301F-11D3-BF4B-00C04F79EFBC}") = "PhotonUnityNetworking.Editor", "PhotonUnityNetworking.Editor.csproj", "{2B4EC349-D516-2E76-6A61-0B50629956D7}"
EndProject
Project("{FAE04EC0-301F-11D3-BF4B-00C04F79EFBC}") = "PunDemos.DemoHubEditor", "PunDemos.DemoHubEditor.csproj", "{280094E0-4308-2F9D-9F24-A071AE84329E}"
EndProject
Project("{FAE04EC0-301F-11D3-BF4B-00C04F79EFBC}") = "PhotonUnityNetworking.Utilities.PhotonPlayer.Editor", "PhotonUnityNetworking.Utilities.PhotonPlayer.Editor.csproj", "{510A93DF-FF80-6939-3265-9C86BC9526C4}"
EndProject
Project("{FAE04EC0-301F-11D3-BF4B-00C04F79EFBC}") = "PhotonUnityNetworking.Utilities.Culling.Editor", "PhotonUnityNetworking.Utilities.Culling.Editor.csproj", "{A3887A95-8AC1-AA7D-5986-C6F8CDA53504}"
EndProject
Project("{FAE04EC0-301F-11D3-BF4B-00C04F79EFBC}") = "Assembly-CSharp-Editor", "Assembly-CSharp-Editor.csproj", "{FE0E0DF7-E225-CC81-5C53-B4BD4D853AFC}"
EndProject
Project("{FAE04EC0-301F-11D3-BF4B-00C04F79EFBC}") = "PunDemos.DemoSlotcarEditor", "PunDemos.DemoSlotcarEditor.csproj", "{50BAD29E-A3F3-EF65-A235-1E83F213F4A3}"
EndProject
Global
	GlobalSection(SolutionConfigurationPlatforms) = preSolution
		Debug|Any CPU = Debug|Any CPU
		Release|Any CPU = Release|Any CPU
	EndGlobalSection
	GlobalSection(ProjectConfigurationPlatforms) = postSolution
		{8259870F-C76E-D913-3C5B-85015CE38A48}.Debug|Any CPU.ActiveCfg = Debug|Any CPU
		{8259870F-C76E-D913-3C5B-85015CE38A48}.Debug|Any CPU.Build.0 = Debug|Any CPU
		{8259870F-C76E-D913-3C5B-85015CE38A48}.Release|Any CPU.ActiveCfg = Release|Any CPU
		{8259870F-C76E-D913-3C5B-85015CE38A48}.Release|Any CPU.Build.0 = Release|Any CPU
		{9729E9EA-7EFF-D2AF-2C14-906CE8510FDD}.Debug|Any CPU.ActiveCfg = Debug|Any CPU
		{9729E9EA-7EFF-D2AF-2C14-906CE8510FDD}.Debug|Any CPU.Build.0 = Debug|Any CPU
		{9729E9EA-7EFF-D2AF-2C14-906CE8510FDD}.Release|Any CPU.ActiveCfg = Release|Any CPU
		{9729E9EA-7EFF-D2AF-2C14-906CE8510FDD}.Release|Any CPU.Build.0 = Release|Any CPU
		{4EC6611C-FAF7-9478-061B-EFAA2D3B7661}.Debug|Any CPU.ActiveCfg = Debug|Any CPU
		{4EC6611C-FAF7-9478-061B-EFAA2D3B7661}.Debug|Any CPU.Build.0 = Debug|Any CPU
		{4EC6611C-FAF7-9478-061B-EFAA2D3B7661}.Release|Any CPU.ActiveCfg = Release|Any CPU
		{4EC6611C-FAF7-9478-061B-EFAA2D3B7661}.Release|Any CPU.Build.0 = Release|Any CPU
		{824F70E4-AC90-2369-784A-8EFAEA5DB7EC}.Debug|Any CPU.ActiveCfg = Debug|Any CPU
		{824F70E4-AC90-2369-784A-8EFAEA5DB7EC}.Debug|Any CPU.Build.0 = Debug|Any CPU
		{824F70E4-AC90-2369-784A-8EFAEA5DB7EC}.Release|Any CPU.ActiveCfg = Release|Any CPU
		{824F70E4-AC90-2369-784A-8EFAEA5DB7EC}.Release|Any CPU.Build.0 = Release|Any CPU
		{8F7526A3-2C9B-8EA3-4033-69435311D8F4}.Debug|Any CPU.ActiveCfg = Debug|Any CPU
		{8F7526A3-2C9B-8EA3-4033-69435311D8F4}.Debug|Any CPU.Build.0 = Debug|Any CPU
		{8F7526A3-2C9B-8EA3-4033-69435311D8F4}.Release|Any CPU.ActiveCfg = Release|Any CPU
		{8F7526A3-2C9B-8EA3-4033-69435311D8F4}.Release|Any CPU.Build.0 = Release|Any CPU
		{92323A8D-F4CF-4AB8-9D66-C3779CD5ADE6}.Debug|Any CPU.ActiveCfg = Debug|Any CPU
		{92323A8D-F4CF-4AB8-9D66-C3779CD5ADE6}.Debug|Any CPU.Build.0 = Debug|Any CPU
		{92323A8D-F4CF-4AB8-9D66-C3779CD5ADE6}.Release|Any CPU.ActiveCfg = Release|Any CPU
		{92323A8D-F4CF-4AB8-9D66-C3779CD5ADE6}.Release|Any CPU.Build.0 = Release|Any CPU
		{2B4EC349-D516-2E76-6A61-0B50629956D7}.Debug|Any CPU.ActiveCfg = Debug|Any CPU
		{2B4EC349-D516-2E76-6A61-0B50629956D7}.Debug|Any CPU.Build.0 = Debug|Any CPU
		{2B4EC349-D516-2E76-6A61-0B50629956D7}.Release|Any CPU.ActiveCfg = Release|Any CPU
		{2B4EC349-D516-2E76-6A61-0B50629956D7}.Release|Any CPU.Build.0 = Release|Any CPU
		{280094E0-4308-2F9D-9F24-A071AE84329E}.Debug|Any CPU.ActiveCfg = Debug|Any CPU
		{280094E0-4308-2F9D-9F24-A071AE84329E}.Debug|Any CPU.Build.0 = Debug|Any CPU
		{280094E0-4308-2F9D-9F24-A071AE84329E}.Release|Any CPU.ActiveCfg = Release|Any CPU
		{280094E0-4308-2F9D-9F24-A071AE84329E}.Release|Any CPU.Build.0 = Release|Any CPU
		{510A93DF-FF80-6939-3265-9C86BC9526C4}.Debug|Any CPU.ActiveCfg = Debug|Any CPU
		{510A93DF-FF80-6939-3265-9C86BC9526C4}.Debug|Any CPU.Build.0 = Debug|Any CPU
		{510A93DF-FF80-6939-3265-9C86BC9526C4}.Release|Any CPU.ActiveCfg = Release|Any CPU
		{510A93DF-FF80-6939-3265-9C86BC9526C4}.Release|Any CPU.Build.0 = Release|Any CPU
		{A3887A95-8AC1-AA7D-5986-C6F8CDA53504}.Debug|Any CPU.ActiveCfg = Debug|Any CPU
		{A3887A95-8AC1-AA7D-5986-C6F8CDA53504}.Debug|Any CPU.Build.0 = Debug|Any CPU
		{A3887A95-8AC1-AA7D-5986-C6F8CDA53504}.Release|Any CPU.ActiveCfg = Release|Any CPU
		{A3887A95-8AC1-AA7D-5986-C6F8CDA53504}.Release|Any CPU.Build.0 = Release|Any CPU
		{FE0E0DF7-E225-CC81-5C53-B4BD4D853AFC}.Debug|Any CPU.ActiveCfg = Debug|Any CPU
		{FE0E0DF7-E225-CC81-5C53-B4BD4D853AFC}.Debug|Any CPU.Build.0 = Debug|Any CPU
		{FE0E0DF7-E225-CC81-5C53-B4BD4D853AFC}.Release|Any CPU.ActiveCfg = Release|Any CPU
		{FE0E0DF7-E225-CC81-5C53-B4BD4D853AFC}.Release|Any CPU.Build.0 = Release|Any CPU
		{50BAD29E-A3F3-EF65-A235-1E83F213F4A3}.Debug|Any CPU.ActiveCfg = Debug|Any CPU
		{50BAD29E-A3F3-EF65-A235-1E83F213F4A3}.Debug|Any CPU.Build.0 = Debug|Any CPU
		{50BAD29E-A3F3-EF65-A235-1E83F213F4A3}.Release|Any CPU.ActiveCfg = Release|Any CPU
		{50BAD29E-A3F3-EF65-A235-1E83F213F4A3}.Release|Any CPU.Build.0 = Release|Any CPU
	EndGlobalSection
	GlobalSection(SolutionProperties) = preSolution
		HideSolutionNode = FALSE
	EndGlobalSection
EndGlobal
