
Microsoft Visual Studio Solution File, Format Version 11.00
# Visual Studio 2010
Project("{FAE04EC0-301F-11D3-BF4B-00C04F79EFBC}") = "Assembly-CSharp", "Assembly-CSharp.csproj", "{8259870F-C76E-D913-3C5B-85015CE38A48}"
EndProject
Global
	GlobalSection(SolutionConfigurationPlatforms) = preSolution
		Debug|Any CPU = Debug|Any CPU
		Release|Any CPU = Release|Any CPU
	EndGlobalSection
	GlobalSection(ProjectConfigurationPlatforms) = postSolution
		{8259870F-C76E-D913-3C5B-85015CE38A48}.Debug|Any CPU.ActiveCfg = Debug|Any CPU
		{8259870F-C76E-D913-3C5B-85015CE38A48}.Debug|Any CPU.Build.0 = Debug|Any CPU
		{8259870F-C76E-D913-3C5B-85015CE38A48}.Release|Any CPU.ActiveCfg = Release|Any CPU
		{8259870F-C76E-D913-3C5B-85015CE38A48}.Release|Any CPU.Build.0 = Release|Any CPU
	EndGlobalSection
	GlobalSection(SolutionProperties) = preSolution
		HideSolutionNode = FALSE
	EndGlobalSection
EndGlobal
